
Microsoft Visual Studio Solution File, Format Version 12.00
# Visual Studio 15
VisualStudioVersion = 15.0.27130.2010
MinimumVisualStudioVersion = 10.0.40219.1
Project("{FAE04EC0-301F-11D3-BF4B-00C04F79EFBC}") = "Shuttle.Core.Pipelines", "Shuttle.Core.Pipelines\Shuttle.Core.Pipelines.csproj", "{74327C2A-F2D3-4E2C-A19D-7418DB5038E3}"
EndProject
Project("{FAE04EC0-301F-11D3-BF4B-00C04F79EFBC}") = "Shuttle.Core.Pipelines.Tests", "Shuttle.Core.Pipelines.Tests\Shuttle.Core.Pipelines.Tests.csproj", "{BC5E7D3C-F07B-4F25-AA50-A92F790814DB}"
EndProject
Project("{2150E333-8FDC-42A3-9474-1A3956D46DE8}") = "Solution Items", "Solution Items", "{444E2050-D850-4508-8688-653478208DA6}"
	ProjectSection(SolutionItems) = preProject
		LICENSE = LICENSE
		README.md = README.md
	EndProjectSection
EndProject
Global
	GlobalSection(SolutionConfigurationPlatforms) = preSolution
		Debug|Any CPU = Debug|Any CPU
		Release|Any CPU = Release|Any CPU
	EndGlobalSection
	GlobalSection(ProjectConfigurationPlatforms) = postSolution
		{74327C2A-F2D3-4E2C-A19D-7418DB5038E3}.Debug|Any CPU.ActiveCfg = Debug|Any CPU
		{74327C2A-F2D3-4E2C-A19D-7418DB5038E3}.Debug|Any CPU.Build.0 = Debug|Any CPU
		{74327C2A-F2D3-4E2C-A19D-7418DB5038E3}.Release|Any CPU.ActiveCfg = Release|Any CPU
		{74327C2A-F2D3-4E2C-A19D-7418DB5038E3}.Release|Any CPU.Build.0 = Release|Any CPU
		{BC5E7D3C-F07B-4F25-AA50-A92F790814DB}.Debug|Any CPU.ActiveCfg = Debug|Any CPU
		{BC5E7D3C-F07B-4F25-AA50-A92F790814DB}.Debug|Any CPU.Build.0 = Debug|Any CPU
		{BC5E7D3C-F07B-4F25-AA50-A92F790814DB}.Release|Any CPU.ActiveCfg = Release|Any CPU
		{BC5E7D3C-F07B-4F25-AA50-A92F790814DB}.Release|Any CPU.Build.0 = Release|Any CPU
	EndGlobalSection
	GlobalSection(SolutionProperties) = preSolution
		HideSolutionNode = FALSE
	EndGlobalSection
	GlobalSection(ExtensibilityGlobals) = postSolution
		SolutionGuid = {124FB464-904D-4297-A62C-C16E50E52A2F}
	EndGlobalSection
EndGlobal
